
Microsoft Visual Studio Solution File, Format Version 12.00
# Visual Studio Version 17
VisualStudioVersion = 17.9.34723.18
MinimumVisualStudioVersion = 10.0.40219.1
Project("{9A19103F-16F7-4668-BE54-9A1E7A4F7556}") = "AppStaffEmployee", "AppStaffEmployee\AppStaffEmployee.csproj", "{84FED54E-43F4-4733-A01E-A026EF3F940E}"
EndProject
Project("{9A19103F-16F7-4668-BE54-9A1E7A4F7556}") = "Identity.DAL", "Identity.DAL\Identity.DAL.csproj", "{CB4FEF5D-ADD4-4545-9C35-021096BBC44A}"
EndProject
Project("{FAE04EC0-301F-11D3-BF4B-00C04F79EFBC}") = "EmployeeTests", "EmployeeTests\EmployeeTests.csproj", "{EB56BAD7-5337-4345-89B5-8AAFB71D8919}"
	ProjectSection(ProjectDependencies) = postProject
		{CB4FEF5D-ADD4-4545-9C35-021096BBC44A} = {CB4FEF5D-ADD4-4545-9C35-021096BBC44A}
	EndProjectSection
EndProject
Global
	GlobalSection(SolutionConfigurationPlatforms) = preSolution
		Debug|Any CPU = Debug|Any CPU
		Release|Any CPU = Release|Any CPU
	EndGlobalSection
	GlobalSection(ProjectConfigurationPlatforms) = postSolution
		{84FED54E-43F4-4733-A01E-A026EF3F940E}.Debug|Any CPU.ActiveCfg = Debug|Any CPU
		{84FED54E-43F4-4733-A01E-A026EF3F940E}.Debug|Any CPU.Build.0 = Debug|Any CPU
		{84FED54E-43F4-4733-A01E-A026EF3F940E}.Release|Any CPU.ActiveCfg = Release|Any CPU
		{84FED54E-43F4-4733-A01E-A026EF3F940E}.Release|Any CPU.Build.0 = Release|Any CPU
		{CB4FEF5D-ADD4-4545-9C35-021096BBC44A}.Debug|Any CPU.ActiveCfg = Debug|Any CPU
		{CB4FEF5D-ADD4-4545-9C35-021096BBC44A}.Debug|Any CPU.Build.0 = Debug|Any CPU
		{CB4FEF5D-ADD4-4545-9C35-021096BBC44A}.Release|Any CPU.ActiveCfg = Release|Any CPU
		{CB4FEF5D-ADD4-4545-9C35-021096BBC44A}.Release|Any CPU.Build.0 = Release|Any CPU
		{EB56BAD7-5337-4345-89B5-8AAFB71D8919}.Debug|Any CPU.ActiveCfg = Debug|Any CPU
		{EB56BAD7-5337-4345-89B5-8AAFB71D8919}.Debug|Any CPU.Build.0 = Debug|Any CPU
		{EB56BAD7-5337-4345-89B5-8AAFB71D8919}.Release|Any CPU.ActiveCfg = Release|Any CPU
		{EB56BAD7-5337-4345-89B5-8AAFB71D8919}.Release|Any CPU.Build.0 = Release|Any CPU
	EndGlobalSection
	GlobalSection(SolutionProperties) = preSolution
		HideSolutionNode = FALSE
	EndGlobalSection
	GlobalSection(ExtensibilityGlobals) = postSolution
		SolutionGuid = {6F129895-B7FF-4058-9CF3-19E2C0721111}
	EndGlobalSection
EndGlobal
